
Microsoft Visual Studio Solution File, Format Version 12.00
# Visual Studio Version 17
VisualStudioVersion = 17.6.33723.286
MinimumVisualStudioVersion = 10.0.40219.1
Project("{FAE04EC0-301F-11D3-BF4B-00C04F79EFBC}") = "GuessTheNumber", "GuessTheNumber\GuessTheNumber.csproj", "{800BCDE0-15D8-4CAB-BE54-1038410BC978}"
EndProject
Global
	GlobalSection(SolutionConfigurationPlatforms) = preSolution
		Debug|Any CPU = Debug|Any CPU
		Release|Any CPU = Release|Any CPU
	EndGlobalSection
	GlobalSection(ProjectConfigurationPlatforms) = postSolution
		{800BCDE0-15D8-4CAB-BE54-1038410BC978}.Debug|Any CPU.ActiveCfg = Debug|Any CPU
		{800BCDE0-15D8-4CAB-BE54-1038410BC978}.Debug|Any CPU.Build.0 = Debug|Any CPU
		{800BCDE0-15D8-4CAB-BE54-1038410BC978}.Release|Any CPU.ActiveCfg = Release|Any CPU
		{800BCDE0-15D8-4CAB-BE54-1038410BC978}.Release|Any CPU.Build.0 = Release|Any CPU
	EndGlobalSection
	GlobalSection(SolutionProperties) = preSolution
		HideSolutionNode = FALSE
	EndGlobalSection
	GlobalSection(ExtensibilityGlobals) = postSolution
		SolutionGuid = {300C5717-2E3D-4CA8-AE9F-68EFA71282E6}
	EndGlobalSection
EndGlobal
